
Microsoft Visual Studio Solution File, Format Version 12.00
# Visual Studio 14
VisualStudioVersion = 14.0.25420.1
MinimumVisualStudioVersion = 10.0.40219.1
Project("{FAE04EC0-301F-11D3-BF4B-00C04F79EFBC}") = "1-PrimeiroProjeto", "1-PrimeiroProjeto\1-PrimeiroProjeto.csproj", "{1ECCDCE9-CF1C-4E66-9D59-F539813E1BF1}"
EndProject
Project("{FAE04EC0-301F-11D3-BF4B-00C04F79EFBC}") = "2-CriandoVariveis", "2-CriandoVariveis\2-CriandoVariveis.csproj", "{B430F58F-0EC9-40C1-B2E0-D5A008A83C24}"
EndProject
Project("{FAE04EC0-301F-11D3-BF4B-00C04F79EFBC}") = "3-CriandoVariaveisPontosFlutuantes", "3-CriandoVariaveisPontosFlutuantes\3-CriandoVariaveisPontosFlutuantes.csproj", "{382D13E7-A884-4F9C-9927-263A1FD3CB18}"
EndProject
Project("{FAE04EC0-301F-11D3-BF4B-00C04F79EFBC}") = "4-ConversoesEOutrosTiposNumericos", "4-ConversoesEOutrosTiposNumericos\4-ConversoesEOutrosTiposNumericos.csproj", "{252FE540-F845-4705-90B1-1183978A5E53}"
EndProject
Project("{FAE04EC0-301F-11D3-BF4B-00C04F79EFBC}") = "5-CaracteresETextos", "CaracteresETextos\5-CaracteresETextos.csproj", "{D47003AA-8DA0-43BB-8781-CAB2CC777483}"
EndProject
Project("{FAE04EC0-301F-11D3-BF4B-00C04F79EFBC}") = "6-AtribuicoesVariaveis", "6-AtribuicoesVariaveis\6-AtribuicoesVariaveis.csproj", "{83FBD1AD-6BCA-4C80-B8DC-6886A2C66D0F}"
EndProject
Project("{FAE04EC0-301F-11D3-BF4B-00C04F79EFBC}") = "7-Condicionais", "7-Condicionais\7-Condicionais.csproj", "{40C66C90-95D9-4A02-8CE9-6EDD7E17D18D}"
EndProject
Project("{FAE04EC0-301F-11D3-BF4B-00C04F79EFBC}") = "8-Condicionais2", "8-Condicionais2\8-Condicionais2.csproj", "{33CE6438-C606-4714-A035-B78F42711F19}"
EndProject
Global
	GlobalSection(SolutionConfigurationPlatforms) = preSolution
		Debug|Any CPU = Debug|Any CPU
		Release|Any CPU = Release|Any CPU
	EndGlobalSection
	GlobalSection(ProjectConfigurationPlatforms) = postSolution
		{1ECCDCE9-CF1C-4E66-9D59-F539813E1BF1}.Debug|Any CPU.ActiveCfg = Debug|Any CPU
		{1ECCDCE9-CF1C-4E66-9D59-F539813E1BF1}.Debug|Any CPU.Build.0 = Debug|Any CPU
		{1ECCDCE9-CF1C-4E66-9D59-F539813E1BF1}.Release|Any CPU.ActiveCfg = Release|Any CPU
		{1ECCDCE9-CF1C-4E66-9D59-F539813E1BF1}.Release|Any CPU.Build.0 = Release|Any CPU
		{B430F58F-0EC9-40C1-B2E0-D5A008A83C24}.Debug|Any CPU.ActiveCfg = Debug|Any CPU
		{B430F58F-0EC9-40C1-B2E0-D5A008A83C24}.Debug|Any CPU.Build.0 = Debug|Any CPU
		{B430F58F-0EC9-40C1-B2E0-D5A008A83C24}.Release|Any CPU.ActiveCfg = Release|Any CPU
		{B430F58F-0EC9-40C1-B2E0-D5A008A83C24}.Release|Any CPU.Build.0 = Release|Any CPU
		{382D13E7-A884-4F9C-9927-263A1FD3CB18}.Debug|Any CPU.ActiveCfg = Debug|Any CPU
		{382D13E7-A884-4F9C-9927-263A1FD3CB18}.Debug|Any CPU.Build.0 = Debug|Any CPU
		{382D13E7-A884-4F9C-9927-263A1FD3CB18}.Release|Any CPU.ActiveCfg = Release|Any CPU
		{382D13E7-A884-4F9C-9927-263A1FD3CB18}.Release|Any CPU.Build.0 = Release|Any CPU
		{252FE540-F845-4705-90B1-1183978A5E53}.Debug|Any CPU.ActiveCfg = Debug|Any CPU
		{252FE540-F845-4705-90B1-1183978A5E53}.Debug|Any CPU.Build.0 = Debug|Any CPU
		{252FE540-F845-4705-90B1-1183978A5E53}.Release|Any CPU.ActiveCfg = Release|Any CPU
		{252FE540-F845-4705-90B1-1183978A5E53}.Release|Any CPU.Build.0 = Release|Any CPU
		{D47003AA-8DA0-43BB-8781-CAB2CC777483}.Debug|Any CPU.ActiveCfg = Debug|Any CPU
		{D47003AA-8DA0-43BB-8781-CAB2CC777483}.Debug|Any CPU.Build.0 = Debug|Any CPU
		{D47003AA-8DA0-43BB-8781-CAB2CC777483}.Release|Any CPU.ActiveCfg = Release|Any CPU
		{D47003AA-8DA0-43BB-8781-CAB2CC777483}.Release|Any CPU.Build.0 = Release|Any CPU
		{83FBD1AD-6BCA-4C80-B8DC-6886A2C66D0F}.Debug|Any CPU.ActiveCfg = Debug|Any CPU
		{83FBD1AD-6BCA-4C80-B8DC-6886A2C66D0F}.Debug|Any CPU.Build.0 = Debug|Any CPU
		{83FBD1AD-6BCA-4C80-B8DC-6886A2C66D0F}.Release|Any CPU.ActiveCfg = Release|Any CPU
		{83FBD1AD-6BCA-4C80-B8DC-6886A2C66D0F}.Release|Any CPU.Build.0 = Release|Any CPU
		{40C66C90-95D9-4A02-8CE9-6EDD7E17D18D}.Debug|Any CPU.ActiveCfg = Debug|Any CPU
		{40C66C90-95D9-4A02-8CE9-6EDD7E17D18D}.Debug|Any CPU.Build.0 = Debug|Any CPU
		{40C66C90-95D9-4A02-8CE9-6EDD7E17D18D}.Release|Any CPU.ActiveCfg = Release|Any CPU
		{40C66C90-95D9-4A02-8CE9-6EDD7E17D18D}.Release|Any CPU.Build.0 = Release|Any CPU
		{33CE6438-C606-4714-A035-B78F42711F19}.Debug|Any CPU.ActiveCfg = Debug|Any CPU
		{33CE6438-C606-4714-A035-B78F42711F19}.Debug|Any CPU.Build.0 = Debug|Any CPU
		{33CE6438-C606-4714-A035-B78F42711F19}.Release|Any CPU.ActiveCfg = Release|Any CPU
		{33CE6438-C606-4714-A035-B78F42711F19}.Release|Any CPU.Build.0 = Release|Any CPU
	EndGlobalSection
	GlobalSection(SolutionProperties) = preSolution
		HideSolutionNode = FALSE
	EndGlobalSection
EndGlobal
